
Microsoft Visual Studio Solution File, Format Version 12.00
# Visual Studio Version 16
VisualStudioVersion = 16.0.29230.47
MinimumVisualStudioVersion = 10.0.40219.1
Project("{FAE04EC0-301F-11D3-BF4B-00C04F79EFBC}") = "MihaisPieShopMobile", "MihaisPieShopMobile\MihaisPieShopMobile.csproj", "{DCFE904A-B324-46A5-ACD8-9F9D79FE674B}"
EndProject
Project("{FAE04EC0-301F-11D3-BF4B-00C04F79EFBC}") = "MihaisPieShopMobile.Core", "MihaisPieShopMobile.Core\MihaisPieShopMobile.Core.csproj", "{BA1CB2A3-E58D-4D92-904D-6513762A3A37}"
EndProject
Global
	GlobalSection(SolutionConfigurationPlatforms) = preSolution
		Debug|Any CPU = Debug|Any CPU
		Release|Any CPU = Release|Any CPU
	EndGlobalSection
	GlobalSection(ProjectConfigurationPlatforms) = postSolution
		{DCFE904A-B324-46A5-ACD8-9F9D79FE674B}.Debug|Any CPU.ActiveCfg = Debug|Any CPU
		{DCFE904A-B324-46A5-ACD8-9F9D79FE674B}.Debug|Any CPU.Build.0 = Debug|Any CPU
		{DCFE904A-B324-46A5-ACD8-9F9D79FE674B}.Debug|Any CPU.Deploy.0 = Debug|Any CPU
		{DCFE904A-B324-46A5-ACD8-9F9D79FE674B}.Release|Any CPU.ActiveCfg = Release|Any CPU
		{DCFE904A-B324-46A5-ACD8-9F9D79FE674B}.Release|Any CPU.Build.0 = Release|Any CPU
		{DCFE904A-B324-46A5-ACD8-9F9D79FE674B}.Release|Any CPU.Deploy.0 = Release|Any CPU
		{BA1CB2A3-E58D-4D92-904D-6513762A3A37}.Debug|Any CPU.ActiveCfg = Debug|Any CPU
		{BA1CB2A3-E58D-4D92-904D-6513762A3A37}.Debug|Any CPU.Build.0 = Debug|Any CPU
		{BA1CB2A3-E58D-4D92-904D-6513762A3A37}.Release|Any CPU.ActiveCfg = Release|Any CPU
		{BA1CB2A3-E58D-4D92-904D-6513762A3A37}.Release|Any CPU.Build.0 = Release|Any CPU
	EndGlobalSection
	GlobalSection(SolutionProperties) = preSolution
		HideSolutionNode = FALSE
	EndGlobalSection
	GlobalSection(ExtensibilityGlobals) = postSolution
		SolutionGuid = {AA99CBE4-730F-4D3F-A87D-45AF63DB671F}
	EndGlobalSection
EndGlobal
