
Microsoft Visual Studio Solution File, Format Version 12.00
# Visual Studio Version 16
VisualStudioVersion = 16.0.30717.126
MinimumVisualStudioVersion = 10.0.40219.1
Project("{FAE04EC0-301F-11D3-BF4B-00C04F79EFBC}") = "ShellLearn.Android", "ShellLearn\ShellLearn.Android\ShellLearn.Android.csproj", "{22AAD103-22DF-4C3A-A8EE-8B3450A35A15}"
EndProject
Project("{FAE04EC0-301F-11D3-BF4B-00C04F79EFBC}") = "ShellLearn.iOS", "ShellLearn\ShellLearn.iOS\ShellLearn.iOS.csproj", "{27D9CF48-D60E-4BDF-A671-162B39292686}"
EndProject
Project("{FAE04EC0-301F-11D3-BF4B-00C04F79EFBC}") = "ShellLearn", "ShellLearn\ShellLearn\ShellLearn.csproj", "{5D3D817F-C368-497C-9628-8396B53796B3}"
EndProject
Global
	GlobalSection(SolutionConfigurationPlatforms) = preSolution
		Debug|Any CPU = Debug|Any CPU
		Debug|iPhone = Debug|iPhone
		Debug|iPhoneSimulator = Debug|iPhoneSimulator
		Release|Any CPU = Release|Any CPU
		Release|iPhone = Release|iPhone
		Release|iPhoneSimulator = Release|iPhoneSimulator
	EndGlobalSection
	GlobalSection(ProjectConfigurationPlatforms) = postSolution
		{22AAD103-22DF-4C3A-A8EE-8B3450A35A15}.Debug|Any CPU.ActiveCfg = Debug|Any CPU
		{22AAD103-22DF-4C3A-A8EE-8B3450A35A15}.Debug|Any CPU.Build.0 = Debug|Any CPU
		{22AAD103-22DF-4C3A-A8EE-8B3450A35A15}.Debug|Any CPU.Deploy.0 = Debug|Any CPU
		{22AAD103-22DF-4C3A-A8EE-8B3450A35A15}.Debug|iPhone.ActiveCfg = Debug|Any CPU
		{22AAD103-22DF-4C3A-A8EE-8B3450A35A15}.Debug|iPhone.Build.0 = Debug|Any CPU
		{22AAD103-22DF-4C3A-A8EE-8B3450A35A15}.Debug|iPhone.Deploy.0 = Debug|Any CPU
		{22AAD103-22DF-4C3A-A8EE-8B3450A35A15}.Debug|iPhoneSimulator.ActiveCfg = Debug|Any CPU
		{22AAD103-22DF-4C3A-A8EE-8B3450A35A15}.Debug|iPhoneSimulator.Build.0 = Debug|Any CPU
		{22AAD103-22DF-4C3A-A8EE-8B3450A35A15}.Debug|iPhoneSimulator.Deploy.0 = Debug|Any CPU
		{22AAD103-22DF-4C3A-A8EE-8B3450A35A15}.Release|Any CPU.ActiveCfg = Release|Any CPU
		{22AAD103-22DF-4C3A-A8EE-8B3450A35A15}.Release|Any CPU.Build.0 = Release|Any CPU
		{22AAD103-22DF-4C3A-A8EE-8B3450A35A15}.Release|Any CPU.Deploy.0 = Release|Any CPU
		{22AAD103-22DF-4C3A-A8EE-8B3450A35A15}.Release|iPhone.ActiveCfg = Release|Any CPU
		{22AAD103-22DF-4C3A-A8EE-8B3450A35A15}.Release|iPhone.Build.0 = Release|Any CPU
		{22AAD103-22DF-4C3A-A8EE-8B3450A35A15}.Release|iPhone.Deploy.0 = Release|Any CPU
		{22AAD103-22DF-4C3A-A8EE-8B3450A35A15}.Release|iPhoneSimulator.ActiveCfg = Release|Any CPU
		{22AAD103-22DF-4C3A-A8EE-8B3450A35A15}.Release|iPhoneSimulator.Build.0 = Release|Any CPU
		{22AAD103-22DF-4C3A-A8EE-8B3450A35A15}.Release|iPhoneSimulator.Deploy.0 = Release|Any CPU
		{27D9CF48-D60E-4BDF-A671-162B39292686}.Debug|Any CPU.ActiveCfg = Debug|iPhone
		{27D9CF48-D60E-4BDF-A671-162B39292686}.Debug|Any CPU.Build.0 = Debug|iPhone
		{27D9CF48-D60E-4BDF-A671-162B39292686}.Debug|Any CPU.Deploy.0 = Debug|iPhone
		{27D9CF48-D60E-4BDF-A671-162B39292686}.Debug|iPhone.ActiveCfg = Debug|iPhone
		{27D9CF48-D60E-4BDF-A671-162B39292686}.Debug|iPhone.Build.0 = Debug|iPhone
		{27D9CF48-D60E-4BDF-A671-162B39292686}.Debug|iPhone.Deploy.0 = Debug|iPhone
		{27D9CF48-D60E-4BDF-A671-162B39292686}.Debug|iPhoneSimulator.ActiveCfg = Debug|iPhoneSimulator
		{27D9CF48-D60E-4BDF-A671-162B39292686}.Debug|iPhoneSimulator.Build.0 = Debug|iPhoneSimulator
		{27D9CF48-D60E-4BDF-A671-162B39292686}.Debug|iPhoneSimulator.Deploy.0 = Debug|iPhoneSimulator
		{27D9CF48-D60E-4BDF-A671-162B39292686}.Release|Any CPU.ActiveCfg = Release|iPhoneSimulator
		{27D9CF48-D60E-4BDF-A671-162B39292686}.Release|Any CPU.Build.0 = Release|iPhoneSimulator
		{27D9CF48-D60E-4BDF-A671-162B39292686}.Release|Any CPU.Deploy.0 = Release|iPhoneSimulator
		{27D9CF48-D60E-4BDF-A671-162B39292686}.Release|iPhone.ActiveCfg = Release|iPhone
		{27D9CF48-D60E-4BDF-A671-162B39292686}.Release|iPhone.Build.0 = Release|iPhone
		{27D9CF48-D60E-4BDF-A671-162B39292686}.Release|iPhone.Deploy.0 = Release|iPhone
		{27D9CF48-D60E-4BDF-A671-162B39292686}.Release|iPhoneSimulator.ActiveCfg = Release|iPhoneSimulator
		{27D9CF48-D60E-4BDF-A671-162B39292686}.Release|iPhoneSimulator.Build.0 = Release|iPhoneSimulator
		{27D9CF48-D60E-4BDF-A671-162B39292686}.Release|iPhoneSimulator.Deploy.0 = Release|iPhoneSimulator
		{5D3D817F-C368-497C-9628-8396B53796B3}.Debug|Any CPU.ActiveCfg = Debug|Any CPU
		{5D3D817F-C368-497C-9628-8396B53796B3}.Debug|Any CPU.Build.0 = Debug|Any CPU
		{5D3D817F-C368-497C-9628-8396B53796B3}.Debug|Any CPU.Deploy.0 = Debug|Any CPU
		{5D3D817F-C368-497C-9628-8396B53796B3}.Debug|iPhone.ActiveCfg = Debug|Any CPU
		{5D3D817F-C368-497C-9628-8396B53796B3}.Debug|iPhone.Build.0 = Debug|Any CPU
		{5D3D817F-C368-497C-9628-8396B53796B3}.Debug|iPhone.Deploy.0 = Debug|Any CPU
		{5D3D817F-C368-497C-9628-8396B53796B3}.Debug|iPhoneSimulator.ActiveCfg = Debug|Any CPU
		{5D3D817F-C368-497C-9628-8396B53796B3}.Debug|iPhoneSimulator.Build.0 = Debug|Any CPU
		{5D3D817F-C368-497C-9628-8396B53796B3}.Debug|iPhoneSimulator.Deploy.0 = Debug|Any CPU
		{5D3D817F-C368-497C-9628-8396B53796B3}.Release|Any CPU.ActiveCfg = Release|Any CPU
		{5D3D817F-C368-497C-9628-8396B53796B3}.Release|Any CPU.Build.0 = Release|Any CPU
		{5D3D817F-C368-497C-9628-8396B53796B3}.Release|Any CPU.Deploy.0 = Release|Any CPU
		{5D3D817F-C368-497C-9628-8396B53796B3}.Release|iPhone.ActiveCfg = Release|Any CPU
		{5D3D817F-C368-497C-9628-8396B53796B3}.Release|iPhone.Build.0 = Release|Any CPU
		{5D3D817F-C368-497C-9628-8396B53796B3}.Release|iPhone.Deploy.0 = Release|Any CPU
		{5D3D817F-C368-497C-9628-8396B53796B3}.Release|iPhoneSimulator.ActiveCfg = Release|Any CPU
		{5D3D817F-C368-497C-9628-8396B53796B3}.Release|iPhoneSimulator.Build.0 = Release|Any CPU
		{5D3D817F-C368-497C-9628-8396B53796B3}.Release|iPhoneSimulator.Deploy.0 = Release|Any CPU
	EndGlobalSection
	GlobalSection(SolutionProperties) = preSolution
		HideSolutionNode = FALSE
	EndGlobalSection
	GlobalSection(ExtensibilityGlobals) = postSolution
		SolutionGuid = {CA8D70E1-B3D0-4C1B-9C8A-2ACD36AAB8A4}
	EndGlobalSection
EndGlobal
