
Microsoft Visual Studio Solution File, Format Version 12.00
# Visual Studio Version 16
VisualStudioVersion = 16.0.29009.5
MinimumVisualStudioVersion = 10.0.40219.1
Project("{FAE04EC0-301F-11D3-BF4B-00C04F79EFBC}") = "NoteKeeper.UWP", "NoteKeeper\NoteKeeper.UWP\NoteKeeper.UWP.csproj", "{DF124027-33C1-41E3-8EB3-E9437591854D}"
EndProject
Project("{FAE04EC0-301F-11D3-BF4B-00C04F79EFBC}") = "NoteKeeper.Android", "NoteKeeper\NoteKeeper.Android\NoteKeeper.Android.csproj", "{5E4726DE-DE9D-4A9C-A396-6CC95D78BEEB}"
EndProject
Project("{FAE04EC0-301F-11D3-BF4B-00C04F79EFBC}") = "NoteKeeper.iOS", "NoteKeeper\NoteKeeper.iOS\NoteKeeper.iOS.csproj", "{10343F1C-0D45-4B82-B4CF-47C5AD984288}"
EndProject
Project("{FAE04EC0-301F-11D3-BF4B-00C04F79EFBC}") = "NoteKeeper", "NoteKeeper\NoteKeeper\NoteKeeper.csproj", "{FC3647BB-516C-4254-B3E7-E85970CDE23F}"
EndProject
Global
	GlobalSection(SolutionConfigurationPlatforms) = preSolution
		Debug|Any CPU = Debug|Any CPU
		Debug|ARM = Debug|ARM
		Debug|iPhone = Debug|iPhone
		Debug|iPhoneSimulator = Debug|iPhoneSimulator
		Debug|x64 = Debug|x64
		Debug|x86 = Debug|x86
		Release|Any CPU = Release|Any CPU
		Release|ARM = Release|ARM
		Release|iPhone = Release|iPhone
		Release|iPhoneSimulator = Release|iPhoneSimulator
		Release|x64 = Release|x64
		Release|x86 = Release|x86
	EndGlobalSection
	GlobalSection(ProjectConfigurationPlatforms) = postSolution
		{DF124027-33C1-41E3-8EB3-E9437591854D}.Debug|Any CPU.ActiveCfg = Debug|x86
		{DF124027-33C1-41E3-8EB3-E9437591854D}.Debug|Any CPU.Build.0 = Debug|x86
		{DF124027-33C1-41E3-8EB3-E9437591854D}.Debug|Any CPU.Deploy.0 = Debug|x86
		{DF124027-33C1-41E3-8EB3-E9437591854D}.Debug|ARM.ActiveCfg = Debug|ARM
		{DF124027-33C1-41E3-8EB3-E9437591854D}.Debug|ARM.Build.0 = Debug|ARM
		{DF124027-33C1-41E3-8EB3-E9437591854D}.Debug|ARM.Deploy.0 = Debug|ARM
		{DF124027-33C1-41E3-8EB3-E9437591854D}.Debug|iPhone.ActiveCfg = Debug|x86
		{DF124027-33C1-41E3-8EB3-E9437591854D}.Debug|iPhone.Build.0 = Debug|x86
		{DF124027-33C1-41E3-8EB3-E9437591854D}.Debug|iPhone.Deploy.0 = Debug|x86
		{DF124027-33C1-41E3-8EB3-E9437591854D}.Debug|iPhoneSimulator.ActiveCfg = Debug|x86
		{DF124027-33C1-41E3-8EB3-E9437591854D}.Debug|iPhoneSimulator.Build.0 = Debug|x86
		{DF124027-33C1-41E3-8EB3-E9437591854D}.Debug|iPhoneSimulator.Deploy.0 = Debug|x86
		{DF124027-33C1-41E3-8EB3-E9437591854D}.Debug|x64.ActiveCfg = Debug|x64
		{DF124027-33C1-41E3-8EB3-E9437591854D}.Debug|x64.Build.0 = Debug|x64
		{DF124027-33C1-41E3-8EB3-E9437591854D}.Debug|x64.Deploy.0 = Debug|x64
		{DF124027-33C1-41E3-8EB3-E9437591854D}.Debug|x86.ActiveCfg = Debug|x86
		{DF124027-33C1-41E3-8EB3-E9437591854D}.Debug|x86.Build.0 = Debug|x86
		{DF124027-33C1-41E3-8EB3-E9437591854D}.Debug|x86.Deploy.0 = Debug|x86
		{DF124027-33C1-41E3-8EB3-E9437591854D}.Release|Any CPU.ActiveCfg = Release|x86
		{DF124027-33C1-41E3-8EB3-E9437591854D}.Release|Any CPU.Build.0 = Release|x86
		{DF124027-33C1-41E3-8EB3-E9437591854D}.Release|Any CPU.Deploy.0 = Release|x86
		{DF124027-33C1-41E3-8EB3-E9437591854D}.Release|ARM.ActiveCfg = Release|ARM
		{DF124027-33C1-41E3-8EB3-E9437591854D}.Release|ARM.Build.0 = Release|ARM
		{DF124027-33C1-41E3-8EB3-E9437591854D}.Release|ARM.Deploy.0 = Release|ARM
		{DF124027-33C1-41E3-8EB3-E9437591854D}.Release|iPhone.ActiveCfg = Release|x86
		{DF124027-33C1-41E3-8EB3-E9437591854D}.Release|iPhone.Build.0 = Release|x86
		{DF124027-33C1-41E3-8EB3-E9437591854D}.Release|iPhone.Deploy.0 = Release|x86
		{DF124027-33C1-41E3-8EB3-E9437591854D}.Release|iPhoneSimulator.ActiveCfg = Release|x86
		{DF124027-33C1-41E3-8EB3-E9437591854D}.Release|iPhoneSimulator.Build.0 = Release|x86
		{DF124027-33C1-41E3-8EB3-E9437591854D}.Release|iPhoneSimulator.Deploy.0 = Release|x86
		{DF124027-33C1-41E3-8EB3-E9437591854D}.Release|x64.ActiveCfg = Release|x64
		{DF124027-33C1-41E3-8EB3-E9437591854D}.Release|x64.Build.0 = Release|x64
		{DF124027-33C1-41E3-8EB3-E9437591854D}.Release|x64.Deploy.0 = Release|x64
		{DF124027-33C1-41E3-8EB3-E9437591854D}.Release|x86.ActiveCfg = Release|x86
		{DF124027-33C1-41E3-8EB3-E9437591854D}.Release|x86.Build.0 = Release|x86
		{DF124027-33C1-41E3-8EB3-E9437591854D}.Release|x86.Deploy.0 = Release|x86
		{5E4726DE-DE9D-4A9C-A396-6CC95D78BEEB}.Debug|Any CPU.ActiveCfg = Debug|Any CPU
		{5E4726DE-DE9D-4A9C-A396-6CC95D78BEEB}.Debug|Any CPU.Build.0 = Debug|Any CPU
		{5E4726DE-DE9D-4A9C-A396-6CC95D78BEEB}.Debug|Any CPU.Deploy.0 = Debug|Any CPU
		{5E4726DE-DE9D-4A9C-A396-6CC95D78BEEB}.Debug|ARM.ActiveCfg = Debug|Any CPU
		{5E4726DE-DE9D-4A9C-A396-6CC95D78BEEB}.Debug|ARM.Build.0 = Debug|Any CPU
		{5E4726DE-DE9D-4A9C-A396-6CC95D78BEEB}.Debug|ARM.Deploy.0 = Debug|Any CPU
		{5E4726DE-DE9D-4A9C-A396-6CC95D78BEEB}.Debug|iPhone.ActiveCfg = Debug|Any CPU
		{5E4726DE-DE9D-4A9C-A396-6CC95D78BEEB}.Debug|iPhone.Build.0 = Debug|Any CPU
		{5E4726DE-DE9D-4A9C-A396-6CC95D78BEEB}.Debug|iPhone.Deploy.0 = Debug|Any CPU
		{5E4726DE-DE9D-4A9C-A396-6CC95D78BEEB}.Debug|iPhoneSimulator.ActiveCfg = Debug|Any CPU
		{5E4726DE-DE9D-4A9C-A396-6CC95D78BEEB}.Debug|iPhoneSimulator.Build.0 = Debug|Any CPU
		{5E4726DE-DE9D-4A9C-A396-6CC95D78BEEB}.Debug|iPhoneSimulator.Deploy.0 = Debug|Any CPU
		{5E4726DE-DE9D-4A9C-A396-6CC95D78BEEB}.Debug|x64.ActiveCfg = Debug|Any CPU
		{5E4726DE-DE9D-4A9C-A396-6CC95D78BEEB}.Debug|x64.Build.0 = Debug|Any CPU
		{5E4726DE-DE9D-4A9C-A396-6CC95D78BEEB}.Debug|x64.Deploy.0 = Debug|Any CPU
		{5E4726DE-DE9D-4A9C-A396-6CC95D78BEEB}.Debug|x86.ActiveCfg = Debug|Any CPU
		{5E4726DE-DE9D-4A9C-A396-6CC95D78BEEB}.Debug|x86.Build.0 = Debug|Any CPU
		{5E4726DE-DE9D-4A9C-A396-6CC95D78BEEB}.Debug|x86.Deploy.0 = Debug|Any CPU
		{5E4726DE-DE9D-4A9C-A396-6CC95D78BEEB}.Release|Any CPU.ActiveCfg = Release|Any CPU
		{5E4726DE-DE9D-4A9C-A396-6CC95D78BEEB}.Release|Any CPU.Build.0 = Release|Any CPU
		{5E4726DE-DE9D-4A9C-A396-6CC95D78BEEB}.Release|Any CPU.Deploy.0 = Release|Any CPU
		{5E4726DE-DE9D-4A9C-A396-6CC95D78BEEB}.Release|ARM.ActiveCfg = Release|Any CPU
		{5E4726DE-DE9D-4A9C-A396-6CC95D78BEEB}.Release|ARM.Build.0 = Release|Any CPU
		{5E4726DE-DE9D-4A9C-A396-6CC95D78BEEB}.Release|ARM.Deploy.0 = Release|Any CPU
		{5E4726DE-DE9D-4A9C-A396-6CC95D78BEEB}.Release|iPhone.ActiveCfg = Release|Any CPU
		{5E4726DE-DE9D-4A9C-A396-6CC95D78BEEB}.Release|iPhone.Build.0 = Release|Any CPU
		{5E4726DE-DE9D-4A9C-A396-6CC95D78BEEB}.Release|iPhone.Deploy.0 = Release|Any CPU
		{5E4726DE-DE9D-4A9C-A396-6CC95D78BEEB}.Release|iPhoneSimulator.ActiveCfg = Release|Any CPU
		{5E4726DE-DE9D-4A9C-A396-6CC95D78BEEB}.Release|iPhoneSimulator.Build.0 = Release|Any CPU
		{5E4726DE-DE9D-4A9C-A396-6CC95D78BEEB}.Release|iPhoneSimulator.Deploy.0 = Release|Any CPU
		{5E4726DE-DE9D-4A9C-A396-6CC95D78BEEB}.Release|x64.ActiveCfg = Release|Any CPU
		{5E4726DE-DE9D-4A9C-A396-6CC95D78BEEB}.Release|x64.Build.0 = Release|Any CPU
		{5E4726DE-DE9D-4A9C-A396-6CC95D78BEEB}.Release|x64.Deploy.0 = Release|Any CPU
		{5E4726DE-DE9D-4A9C-A396-6CC95D78BEEB}.Release|x86.ActiveCfg = Release|Any CPU
		{5E4726DE-DE9D-4A9C-A396-6CC95D78BEEB}.Release|x86.Build.0 = Release|Any CPU
		{5E4726DE-DE9D-4A9C-A396-6CC95D78BEEB}.Release|x86.Deploy.0 = Release|Any CPU
		{10343F1C-0D45-4B82-B4CF-47C5AD984288}.Debug|Any CPU.ActiveCfg = Debug|iPhone
		{10343F1C-0D45-4B82-B4CF-47C5AD984288}.Debug|Any CPU.Build.0 = Debug|iPhone
		{10343F1C-0D45-4B82-B4CF-47C5AD984288}.Debug|Any CPU.Deploy.0 = Debug|iPhone
		{10343F1C-0D45-4B82-B4CF-47C5AD984288}.Debug|ARM.ActiveCfg = Debug|iPhoneSimulator
		{10343F1C-0D45-4B82-B4CF-47C5AD984288}.Debug|ARM.Build.0 = Debug|iPhoneSimulator
		{10343F1C-0D45-4B82-B4CF-47C5AD984288}.Debug|ARM.Deploy.0 = Debug|iPhoneSimulator
		{10343F1C-0D45-4B82-B4CF-47C5AD984288}.Debug|iPhone.ActiveCfg = Debug|iPhone
		{10343F1C-0D45-4B82-B4CF-47C5AD984288}.Debug|iPhone.Build.0 = Debug|iPhone
		{10343F1C-0D45-4B82-B4CF-47C5AD984288}.Debug|iPhone.Deploy.0 = Debug|iPhone
		{10343F1C-0D45-4B82-B4CF-47C5AD984288}.Debug|iPhoneSimulator.ActiveCfg = Debug|iPhoneSimulator
		{10343F1C-0D45-4B82-B4CF-47C5AD984288}.Debug|iPhoneSimulator.Build.0 = Debug|iPhoneSimulator
		{10343F1C-0D45-4B82-B4CF-47C5AD984288}.Debug|iPhoneSimulator.Deploy.0 = Debug|iPhoneSimulator
		{10343F1C-0D45-4B82-B4CF-47C5AD984288}.Debug|x64.ActiveCfg = Debug|iPhone
		{10343F1C-0D45-4B82-B4CF-47C5AD984288}.Debug|x64.Build.0 = Debug|iPhone
		{10343F1C-0D45-4B82-B4CF-47C5AD984288}.Debug|x64.Deploy.0 = Debug|iPhone
		{10343F1C-0D45-4B82-B4CF-47C5AD984288}.Debug|x86.ActiveCfg = Debug|iPhone
		{10343F1C-0D45-4B82-B4CF-47C5AD984288}.Debug|x86.Build.0 = Debug|iPhone
		{10343F1C-0D45-4B82-B4CF-47C5AD984288}.Debug|x86.Deploy.0 = Debug|iPhone
		{10343F1C-0D45-4B82-B4CF-47C5AD984288}.Release|Any CPU.ActiveCfg = Release|iPhone
		{10343F1C-0D45-4B82-B4CF-47C5AD984288}.Release|Any CPU.Build.0 = Release|iPhone
		{10343F1C-0D45-4B82-B4CF-47C5AD984288}.Release|Any CPU.Deploy.0 = Release|iPhone
		{10343F1C-0D45-4B82-B4CF-47C5AD984288}.Release|ARM.ActiveCfg = Release|iPhone
		{10343F1C-0D45-4B82-B4CF-47C5AD984288}.Release|ARM.Build.0 = Release|iPhone
		{10343F1C-0D45-4B82-B4CF-47C5AD984288}.Release|ARM.Deploy.0 = Release|iPhone
		{10343F1C-0D45-4B82-B4CF-47C5AD984288}.Release|iPhone.ActiveCfg = Release|iPhone
		{10343F1C-0D45-4B82-B4CF-47C5AD984288}.Release|iPhone.Build.0 = Release|iPhone
		{10343F1C-0D45-4B82-B4CF-47C5AD984288}.Release|iPhone.Deploy.0 = Release|iPhone
		{10343F1C-0D45-4B82-B4CF-47C5AD984288}.Release|iPhoneSimulator.ActiveCfg = Release|iPhoneSimulator
		{10343F1C-0D45-4B82-B4CF-47C5AD984288}.Release|iPhoneSimulator.Build.0 = Release|iPhoneSimulator
		{10343F1C-0D45-4B82-B4CF-47C5AD984288}.Release|iPhoneSimulator.Deploy.0 = Release|iPhoneSimulator
		{10343F1C-0D45-4B82-B4CF-47C5AD984288}.Release|x64.ActiveCfg = Release|iPhone
		{10343F1C-0D45-4B82-B4CF-47C5AD984288}.Release|x64.Build.0 = Release|iPhone
		{10343F1C-0D45-4B82-B4CF-47C5AD984288}.Release|x64.Deploy.0 = Release|iPhone
		{10343F1C-0D45-4B82-B4CF-47C5AD984288}.Release|x86.ActiveCfg = Release|iPhone
		{10343F1C-0D45-4B82-B4CF-47C5AD984288}.Release|x86.Build.0 = Release|iPhone
		{10343F1C-0D45-4B82-B4CF-47C5AD984288}.Release|x86.Deploy.0 = Release|iPhone
		{FC3647BB-516C-4254-B3E7-E85970CDE23F}.Debug|Any CPU.ActiveCfg = Debug|Any CPU
		{FC3647BB-516C-4254-B3E7-E85970CDE23F}.Debug|Any CPU.Build.0 = Debug|Any CPU
		{FC3647BB-516C-4254-B3E7-E85970CDE23F}.Debug|Any CPU.Deploy.0 = Debug|Any CPU
		{FC3647BB-516C-4254-B3E7-E85970CDE23F}.Debug|ARM.ActiveCfg = Debug|Any CPU
		{FC3647BB-516C-4254-B3E7-E85970CDE23F}.Debug|ARM.Build.0 = Debug|Any CPU
		{FC3647BB-516C-4254-B3E7-E85970CDE23F}.Debug|ARM.Deploy.0 = Debug|Any CPU
		{FC3647BB-516C-4254-B3E7-E85970CDE23F}.Debug|iPhone.ActiveCfg = Debug|Any CPU
		{FC3647BB-516C-4254-B3E7-E85970CDE23F}.Debug|iPhone.Build.0 = Debug|Any CPU
		{FC3647BB-516C-4254-B3E7-E85970CDE23F}.Debug|iPhone.Deploy.0 = Debug|Any CPU
		{FC3647BB-516C-4254-B3E7-E85970CDE23F}.Debug|iPhoneSimulator.ActiveCfg = Debug|Any CPU
		{FC3647BB-516C-4254-B3E7-E85970CDE23F}.Debug|iPhoneSimulator.Build.0 = Debug|Any CPU
		{FC3647BB-516C-4254-B3E7-E85970CDE23F}.Debug|iPhoneSimulator.Deploy.0 = Debug|Any CPU
		{FC3647BB-516C-4254-B3E7-E85970CDE23F}.Debug|x64.ActiveCfg = Debug|Any CPU
		{FC3647BB-516C-4254-B3E7-E85970CDE23F}.Debug|x64.Build.0 = Debug|Any CPU
		{FC3647BB-516C-4254-B3E7-E85970CDE23F}.Debug|x64.Deploy.0 = Debug|Any CPU
		{FC3647BB-516C-4254-B3E7-E85970CDE23F}.Debug|x86.ActiveCfg = Debug|Any CPU
		{FC3647BB-516C-4254-B3E7-E85970CDE23F}.Debug|x86.Build.0 = Debug|Any CPU
		{FC3647BB-516C-4254-B3E7-E85970CDE23F}.Debug|x86.Deploy.0 = Debug|Any CPU
		{FC3647BB-516C-4254-B3E7-E85970CDE23F}.Release|Any CPU.ActiveCfg = Release|Any CPU
		{FC3647BB-516C-4254-B3E7-E85970CDE23F}.Release|Any CPU.Build.0 = Release|Any CPU
		{FC3647BB-516C-4254-B3E7-E85970CDE23F}.Release|Any CPU.Deploy.0 = Release|Any CPU
		{FC3647BB-516C-4254-B3E7-E85970CDE23F}.Release|ARM.ActiveCfg = Release|Any CPU
		{FC3647BB-516C-4254-B3E7-E85970CDE23F}.Release|ARM.Build.0 = Release|Any CPU
		{FC3647BB-516C-4254-B3E7-E85970CDE23F}.Release|ARM.Deploy.0 = Release|Any CPU
		{FC3647BB-516C-4254-B3E7-E85970CDE23F}.Release|iPhone.ActiveCfg = Release|Any CPU
		{FC3647BB-516C-4254-B3E7-E85970CDE23F}.Release|iPhone.Build.0 = Release|Any CPU
		{FC3647BB-516C-4254-B3E7-E85970CDE23F}.Release|iPhone.Deploy.0 = Release|Any CPU
		{FC3647BB-516C-4254-B3E7-E85970CDE23F}.Release|iPhoneSimulator.ActiveCfg = Release|Any CPU
		{FC3647BB-516C-4254-B3E7-E85970CDE23F}.Release|iPhoneSimulator.Build.0 = Release|Any CPU
		{FC3647BB-516C-4254-B3E7-E85970CDE23F}.Release|iPhoneSimulator.Deploy.0 = Release|Any CPU
		{FC3647BB-516C-4254-B3E7-E85970CDE23F}.Release|x64.ActiveCfg = Release|Any CPU
		{FC3647BB-516C-4254-B3E7-E85970CDE23F}.Release|x64.Build.0 = Release|Any CPU
		{FC3647BB-516C-4254-B3E7-E85970CDE23F}.Release|x64.Deploy.0 = Release|Any CPU
		{FC3647BB-516C-4254-B3E7-E85970CDE23F}.Release|x86.ActiveCfg = Release|Any CPU
		{FC3647BB-516C-4254-B3E7-E85970CDE23F}.Release|x86.Build.0 = Release|Any CPU
		{FC3647BB-516C-4254-B3E7-E85970CDE23F}.Release|x86.Deploy.0 = Release|Any CPU
	EndGlobalSection
	GlobalSection(SolutionProperties) = preSolution
		HideSolutionNode = FALSE
	EndGlobalSection
	GlobalSection(ExtensibilityGlobals) = postSolution
		SolutionGuid = {38B95873-E2BF-4F7C-8378-A343F6373CBC}
	EndGlobalSection
EndGlobal
